// !$*UTF8*$!
{
	archiveVersion = 1;
	classes = {
	};
	objectVersion = 51;
	objects = {

/* Begin PBXBuildFile section */
		195F03A8232BE64ABD19B180 /* Pods_Appceptability.framework in Frameworks */ = {isa = PBXBuildFile; fileRef = 0DBD48FB9EC99A4C718C2416 /* Pods_Appceptability.framework */; };
		AC68531323F2AB07005E4755 /* AppDelegate.swift in Sources */ = {isa = PBXBuildFile; fileRef = AC68531223F2AB07005E4755 /* AppDelegate.swift */; };
		AC68531523F2AB07005E4755 /* SceneDelegate.swift in Sources */ = {isa = PBXBuildFile; fileRef = AC68531423F2AB07005E4755 /* SceneDelegate.swift */; };
		AC68531723F2AB07005E4755 /* mainScreenViewController.swift in Sources */ = {isa = PBXBuildFile; fileRef = AC68531623F2AB07005E4755 /* mainScreenViewController.swift */; };
		AC68531A23F2AB07005E4755 /* Main.storyboard in Resources */ = {isa = PBXBuildFile; fileRef = AC68531823F2AB07005E4755 /* Main.storyboard */; };
		AC68531C23F2AB08005E4755 /* Assets.xcassets in Resources */ = {isa = PBXBuildFile; fileRef = AC68531B23F2AB08005E4755 /* Assets.xcassets */; };
		AC68531F23F2AB08005E4755 /* LaunchScreen.storyboard in Resources */ = {isa = PBXBuildFile; fileRef = AC68531D23F2AB08005E4755 /* LaunchScreen.storyboard */; };
		AC72218823F413AB00CA2355 /* participantsAndSampleSizeViewController.swift in Sources */ = {isa = PBXBuildFile; fileRef = AC72218723F413AB00CA2355 /* participantsAndSampleSizeViewController.swift */; };
		AC72218A23F4141500CA2355 /* demographicsViewController.swift in Sources */ = {isa = PBXBuildFile; fileRef = AC72218923F4141500CA2355 /* demographicsViewController.swift */; };
		AC72218C23F4148F00CA2355 /* questionsViewController.swift in Sources */ = {isa = PBXBuildFile; fileRef = AC72218B23F4148F00CA2355 /* questionsViewController.swift */; };
		AC9399A223F2E330002B3E07 /* homeScreenViewController.swift in Sources */ = {isa = PBXBuildFile; fileRef = AC9399A123F2E330002B3E07 /* homeScreenViewController.swift */; };
		AC9794C523F2F97400A0E74F /* registerStudyScreenViewController.swift in Sources */ = {isa = PBXBuildFile; fileRef = AC9794C423F2F97400A0E74F /* registerStudyScreenViewController.swift */; };
		ACAD8B3823FE8AD000540CA9 /* Constants.swift in Sources */ = {isa = PBXBuildFile; fileRef = ACAD8B3723FE8AD000540CA9 /* Constants.swift */; };
		ACAD8B3A23FE90B500540CA9 /* performStudyLoginViewController.swift in Sources */ = {isa = PBXBuildFile; fileRef = ACAD8B3923FE90B500540CA9 /* performStudyLoginViewController.swift */; };
		ACAD8B3C23FEAC1100540CA9 /* registerTabViewController.swift in Sources */ = {isa = PBXBuildFile; fileRef = ACAD8B3B23FEAC1100540CA9 /* registerTabViewController.swift */; };
		ACF2747D23FD4B530096844A /* GoogleService-Info.plist in Resources */ = {isa = PBXBuildFile; fileRef = ACF2747C23FD4B530096844A /* GoogleService-Info.plist */; };
/* End PBXBuildFile section */

/* Begin PBXFileReference section */
		0DBD48FB9EC99A4C718C2416 /* Pods_Appceptability.framework */ = {isa = PBXFileReference; explicitFileType = wrapper.framework; includeInIndex = 0; path = Pods_Appceptability.framework; sourceTree = BUILT_PRODUCTS_DIR; };
		503083B20375F162748AB90C /* Pods-Appceptability.release.xcconfig */ = {isa = PBXFileReference; includeInIndex = 1; lastKnownFileType = text.xcconfig; name = "Pods-Appceptability.release.xcconfig"; path = "Target Support Files/Pods-Appceptability/Pods-Appceptability.release.xcconfig"; sourceTree = "<group>"; };
		7690B6EF1EB0EAD04FEDA897 /* Pods-Appceptability.debug.xcconfig */ = {isa = PBXFileReference; includeInIndex = 1; lastKnownFileType = text.xcconfig; name = "Pods-Appceptability.debug.xcconfig"; path = "Target Support Files/Pods-Appceptability/Pods-Appceptability.debug.xcconfig"; sourceTree = "<group>"; };
		AC68530F23F2AB07005E4755 /* Appceptability.app */ = {isa = PBXFileReference; explicitFileType = wrapper.application; includeInIndex = 0; path = Appceptability.app; sourceTree = BUILT_PRODUCTS_DIR; };
		AC68531223F2AB07005E4755 /* AppDelegate.swift */ = {isa = PBXFileReference; lastKnownFileType = sourcecode.swift; path = AppDelegate.swift; sourceTree = "<group>"; };
		AC68531423F2AB07005E4755 /* SceneDelegate.swift */ = {isa = PBXFileReference; lastKnownFileType = sourcecode.swift; path = SceneDelegate.swift; sourceTree = "<group>"; };
		AC68531623F2AB07005E4755 /* mainScreenViewController.swift */ = {isa = PBXFileReference; lastKnownFileType = sourcecode.swift; path = mainScreenViewController.swift; sourceTree = "<group>"; };
		AC68531923F2AB07005E4755 /* Base */ = {isa = PBXFileReference; lastKnownFileType = file.storyboard; name = Base; path = Base.lproj/Main.storyboard; sourceTree = "<group>"; };
		AC68531B23F2AB08005E4755 /* Assets.xcassets */ = {isa = PBXFileReference; lastKnownFileType = folder.assetcatalog; path = Assets.xcassets; sourceTree = "<group>"; };
		AC68531E23F2AB08005E4755 /* Base */ = {isa = PBXFileReference; lastKnownFileType = file.storyboard; name = Base; path = Base.lproj/LaunchScreen.storyboard; sourceTree = "<group>"; };
		AC68532023F2AB08005E4755 /* Info.plist */ = {isa = PBXFileReference; lastKnownFileType = text.plist.xml; path = Info.plist; sourceTree = "<group>"; };
		AC72218723F413AB00CA2355 /* participantsAndSampleSizeViewController.swift */ = {isa = PBXFileReference; lastKnownFileType = sourcecode.swift; path = participantsAndSampleSizeViewController.swift; sourceTree = "<group>"; };
		AC72218923F4141500CA2355 /* demographicsViewController.swift */ = {isa = PBXFileReference; lastKnownFileType = sourcecode.swift; path = demographicsViewController.swift; sourceTree = "<group>"; };
		AC72218B23F4148F00CA2355 /* questionsViewController.swift */ = {isa = PBXFileReference; lastKnownFileType = sourcecode.swift; path = questionsViewController.swift; sourceTree = "<group>"; };
		AC9399A123F2E330002B3E07 /* homeScreenViewController.swift */ = {isa = PBXFileReference; lastKnownFileType = sourcecode.swift; path = homeScreenViewController.swift; sourceTree = "<group>"; };
		AC9794C423F2F97400A0E74F /* registerStudyScreenViewController.swift */ = {isa = PBXFileReference; lastKnownFileType = sourcecode.swift; path = registerStudyScreenViewController.swift; sourceTree = "<group>"; };
		ACAD8B3723FE8AD000540CA9 /* Constants.swift */ = {isa = PBXFileReference; lastKnownFileType = sourcecode.swift; path = Constants.swift; sourceTree = "<group>"; };
		ACAD8B3923FE90B500540CA9 /* performStudyLoginViewController.swift */ = {isa = PBXFileReference; lastKnownFileType = sourcecode.swift; path = performStudyLoginViewController.swift; sourceTree = "<group>"; };
		ACAD8B3B23FEAC1100540CA9 /* registerTabViewController.swift */ = {isa = PBXFileReference; lastKnownFileType = sourcecode.swift; path = registerTabViewController.swift; sourceTree = "<group>"; };
		ACF2747C23FD4B530096844A /* GoogleService-Info.plist */ = {isa = PBXFileReference; fileEncoding = 4; lastKnownFileType = text.plist.xml; path = "GoogleService-Info.plist"; sourceTree = "<group>"; };
/* End PBXFileReference section */

/* Begin PBXFrameworksBuildPhase section */
		AC68530C23F2AB07005E4755 /* Frameworks */ = {
			isa = PBXFrameworksBuildPhase;
			buildActionMask = 2147483647;
			files = (
				195F03A8232BE64ABD19B180 /* Pods_Appceptability.framework in Frameworks */,
			);
			runOnlyForDeploymentPostprocessing = 0;
		};
/* End PBXFrameworksBuildPhase section */

/* Begin PBXGroup section */
		251EAE21C56A0CA4C835070E /* Pods */ = {
			isa = PBXGroup;
			children = (
				7690B6EF1EB0EAD04FEDA897 /* Pods-Appceptability.debug.xcconfig */,
				503083B20375F162748AB90C /* Pods-Appceptability.release.xcconfig */,
			);
			path = Pods;
			sourceTree = "<group>";
		};
		AC68530623F2AB07005E4755 = {
			isa = PBXGroup;
			children = (
				AC68531123F2AB07005E4755 /* Appceptability */,
				AC68531023F2AB07005E4755 /* Products */,
				ACD7155023FBEA6500FC955B /* Frameworks */,
				251EAE21C56A0CA4C835070E /* Pods */,
			);
			sourceTree = "<group>";
		};
		AC68531023F2AB07005E4755 /* Products */ = {
			isa = PBXGroup;
			children = (
				AC68530F23F2AB07005E4755 /* Appceptability.app */,
			);
			name = Products;
			sourceTree = "<group>";
		};
		AC68531123F2AB07005E4755 /* Appceptability */ = {
			isa = PBXGroup;
			children = (
				AC68531223F2AB07005E4755 /* AppDelegate.swift */,
				AC68531423F2AB07005E4755 /* SceneDelegate.swift */,
				AC68532923F2C152005E4755 /* Controllers */,
				ACF2747B23FD48B20096844A /* Views */,
				AC68531B23F2AB08005E4755 /* Assets.xcassets */,
				ACF2747C23FD4B530096844A /* GoogleService-Info.plist */,
				AC68532023F2AB08005E4755 /* Info.plist */,
				ACAD8B3723FE8AD000540CA9 /* Constants.swift */,
			);
			path = Appceptability;
			sourceTree = "<group>";
		};
		AC68532923F2C152005E4755 /* Controllers */ = {
			isa = PBXGroup;
			children = (
				AC68531623F2AB07005E4755 /* mainScreenViewController.swift */,
				AC9399A123F2E330002B3E07 /* homeScreenViewController.swift */,
				AC9794C423F2F97400A0E74F /* registerStudyScreenViewController.swift */,
				ACAD8B3B23FEAC1100540CA9 /* registerTabViewController.swift */,
				AC72218723F413AB00CA2355 /* participantsAndSampleSizeViewController.swift */,
				AC72218923F4141500CA2355 /* demographicsViewController.swift */,
				AC72218B23F4148F00CA2355 /* questionsViewController.swift */,
				ACAD8B3923FE90B500540CA9 /* performStudyLoginViewController.swift */,
			);
			path = Controllers;
			sourceTree = "<group>";
		};
		ACD7155023FBEA6500FC955B /* Frameworks */ = {
			isa = PBXGroup;
			children = (
				0DBD48FB9EC99A4C718C2416 /* Pods_Appceptability.framework */,
			);
			name = Frameworks;
			sourceTree = "<group>";
		};
		ACF2747B23FD48B20096844A /* Views */ = {
			isa = PBXGroup;
			children = (
				AC68531823F2AB07005E4755 /* Main.storyboard */,
				AC68531D23F2AB08005E4755 /* LaunchScreen.storyboard */,
			);
			path = Views;
			sourceTree = "<group>";
		};
/* End PBXGroup section */

/* Begin PBXNativeTarget section */
		AC68530E23F2AB07005E4755 /* Appceptability */ = {
			isa = PBXNativeTarget;
			buildConfigurationList = AC68532323F2AB08005E4755 /* Build configuration list for PBXNativeTarget "Appceptability" */;
			buildPhases = (
				D31CBEDE6C42D3C0F5D57F3D /* [CP] Check Pods Manifest.lock */,
				AC68530B23F2AB07005E4755 /* Sources */,
				AC68530C23F2AB07005E4755 /* Frameworks */,
				AC68530D23F2AB07005E4755 /* Resources */,
				A50B9B7E628815F2469AFC64 /* [CP] Embed Pods Frameworks */,
			);
			buildRules = (
			);
			dependencies = (
			);
			name = Appceptability;
			productName = Appceptability;
			productReference = AC68530F23F2AB07005E4755 /* Appceptability.app */;
			productType = "com.apple.product-type.application";
		};
/* End PBXNativeTarget section */

/* Begin PBXProject section */
		AC68530723F2AB07005E4755 /* Project object */ = {
			isa = PBXProject;
			attributes = {
				LastSwiftUpdateCheck = 1130;
				LastUpgradeCheck = 1130;
				ORGANIZATIONNAME = "Neel Desai";
				TargetAttributes = {
					AC68530E23F2AB07005E4755 = {
						CreatedOnToolsVersion = 11.3.1;
					};
				};
			};
			buildConfigurationList = AC68530A23F2AB07005E4755 /* Build configuration list for PBXProject "Appceptability" */;
			compatibilityVersion = "Xcode 9.3";
			developmentRegion = en;
			hasScannedForEncodings = 0;
			knownRegions = (
				en,
				Base,
			);
			mainGroup = AC68530623F2AB07005E4755;
			productRefGroup = AC68531023F2AB07005E4755 /* Products */;
			projectDirPath = "";
			projectRoot = "";
			targets = (
				AC68530E23F2AB07005E4755 /* Appceptability */,
			);
		};
/* End PBXProject section */

/* Begin PBXResourcesBuildPhase section */
		AC68530D23F2AB07005E4755 /* Resources */ = {
			isa = PBXResourcesBuildPhase;
			buildActionMask = 2147483647;
			files = (
				AC68531F23F2AB08005E4755 /* LaunchScreen.storyboard in Resources */,
				ACF2747D23FD4B530096844A /* GoogleService-Info.plist in Resources */,
				AC68531C23F2AB08005E4755 /* Assets.xcassets in Resources */,
				AC68531A23F2AB07005E4755 /* Main.storyboard in Resources */,
			);
			runOnlyForDeploymentPostprocessing = 0;
		};
/* End PBXResourcesBuildPhase section */

/* Begin PBXShellScriptBuildPhase section */
		A50B9B7E628815F2469AFC64 /* [CP] Embed Pods Frameworks */ = {
			isa = PBXShellScriptBuildPhase;
			buildActionMask = 2147483647;
			files = (
			);
			inputFileListPaths = (
				"${PODS_ROOT}/Target Support Files/Pods-Appceptability/Pods-Appceptability-frameworks-${CONFIGURATION}-input-files.xcfilelist",
			);
			name = "[CP] Embed Pods Frameworks";
			outputFileListPaths = (
				"${PODS_ROOT}/Target Support Files/Pods-Appceptability/Pods-Appceptability-frameworks-${CONFIGURATION}-output-files.xcfilelist",
			);
			runOnlyForDeploymentPostprocessing = 0;
			shellPath = /bin/sh;
			shellScript = "\"${PODS_ROOT}/Target Support Files/Pods-Appceptability/Pods-Appceptability-frameworks.sh\"\n";
			showEnvVarsInLog = 0;
		};
		D31CBEDE6C42D3C0F5D57F3D /* [CP] Check Pods Manifest.lock */ = {
			isa = PBXShellScriptBuildPhase;
			buildActionMask = 2147483647;
			files = (
			);
			inputFileListPaths = (
			);
			inputPaths = (
				"${PODS_PODFILE_DIR_PATH}/Podfile.lock",
				"${PODS_ROOT}/Manifest.lock",
			);
			name = "[CP] Check Pods Manifest.lock";
			outputFileListPaths = (
			);
			outputPaths = (
				"$(DERIVED_FILE_DIR)/Pods-Appceptability-checkManifestLockResult.txt",
			);
			runOnlyForDeploymentPostprocessing = 0;
			shellPath = /bin/sh;
			shellScript = "diff \"${PODS_PODFILE_DIR_PATH}/Podfile.lock\" \"${PODS_ROOT}/Manifest.lock\" > /dev/null\nif [ $? != 0 ] ; then\n    # print error to STDERR\n    echo \"error: The sandbox is not in sync with the Podfile.lock. Run 'pod install' or update your CocoaPods installation.\" >&2\n    exit 1\nfi\n# This output is used by Xcode 'outputs' to avoid re-running this script phase.\necho \"SUCCESS\" > \"${SCRIPT_OUTPUT_FILE_0}\"\n";
			showEnvVarsInLog = 0;
		};
/* End PBXShellScriptBuildPhase section */

/* Begin PBXSourcesBuildPhase section */
		AC68530B23F2AB07005E4755 /* Sources */ = {
			isa = PBXSourcesBuildPhase;
			buildActionMask = 2147483647;
			files = (
				AC72218A23F4141500CA2355 /* demographicsViewController.swift in Sources */,
				AC68531723F2AB07005E4755 /* mainScreenViewController.swift in Sources */,
				AC9399A223F2E330002B3E07 /* homeScreenViewController.swift in Sources */,
				AC68531323F2AB07005E4755 /* AppDelegate.swift in Sources */,
				AC68531523F2AB07005E4755 /* SceneDelegate.swift in Sources */,
				ACAD8B3C23FEAC1100540CA9 /* registerTabViewController.swift in Sources */,
				ACAD8B3823FE8AD000540CA9 /* Constants.swift in Sources */,
				AC9794C523F2F97400A0E74F /* registerStudyScreenViewController.swift in Sources */,
				ACAD8B3A23FE90B500540CA9 /* performStudyLoginViewController.swift in Sources */,
				AC72218823F413AB00CA2355 /* participantsAndSampleSizeViewController.swift in Sources */,
				AC72218C23F4148F00CA2355 /* questionsViewController.swift in Sources */,
			);
			runOnlyForDeploymentPostprocessing = 0;
		};
/* End PBXSourcesBuildPhase section */

/* Begin PBXVariantGroup section */
		AC68531823F2AB07005E4755 /* Main.storyboard */ = {
			isa = PBXVariantGroup;
			children = (
				AC68531923F2AB07005E4755 /* Base */,
			);
			name = Main.storyboard;
			sourceTree = "<group>";
		};
		AC68531D23F2AB08005E4755 /* LaunchScreen.storyboard */ = {
			isa = PBXVariantGroup;
			children = (
				AC68531E23F2AB08005E4755 /* Base */,
			);
			name = LaunchScreen.storyboard;
			sourceTree = "<group>";
		};
/* End PBXVariantGroup section */

/* Begin XCBuildConfiguration section */
		AC68532123F2AB08005E4755 /* Debug */ = {
			isa = XCBuildConfiguration;
			buildSettings = {
				ALWAYS_SEARCH_USER_PATHS = NO;
				CLANG_ANALYZER_NONNULL = YES;
				CLANG_ANALYZER_NUMBER_OBJECT_CONVERSION = YES_AGGRESSIVE;
				CLANG_CXX_LANGUAGE_STANDARD = "gnu++14";
				CLANG_CXX_LIBRARY = "libc++";
				CLANG_ENABLE_MODULES = YES;
				CLANG_ENABLE_OBJC_ARC = YES;
				CLANG_ENABLE_OBJC_WEAK = YES;
				CLANG_WARN_BLOCK_CAPTURE_AUTORELEASING = YES;
				CLANG_WARN_BOOL_CONVERSION = YES;
				CLANG_WARN_COMMA = YES;
				CLANG_WARN_CONSTANT_CONVERSION = YES;
				CLANG_WARN_DEPRECATED_OBJC_IMPLEMENTATIONS = YES;
				CLANG_WARN_DIRECT_OBJC_ISA_USAGE = YES_ERROR;
				CLANG_WARN_DOCUMENTATION_COMMENTS = YES;
				CLANG_WARN_EMPTY_BODY = YES;
				CLANG_WARN_ENUM_CONVERSION = YES;
				CLANG_WARN_INFINITE_RECURSION = YES;
				CLANG_WARN_INT_CONVERSION = YES;
				CLANG_WARN_NON_LITERAL_NULL_CONVERSION = YES;
				CLANG_WARN_OBJC_IMPLICIT_RETAIN_SELF = YES;
				CLANG_WARN_OBJC_LITERAL_CONVERSION = YES;
				CLANG_WARN_OBJC_ROOT_CLASS = YES_ERROR;
				CLANG_WARN_RANGE_LOOP_ANALYSIS = YES;
				CLANG_WARN_STRICT_PROTOTYPES = YES;
				CLANG_WARN_SUSPICIOUS_MOVE = YES;
				CLANG_WARN_UNGUARDED_AVAILABILITY = YES_AGGRESSIVE;
				CLANG_WARN_UNREACHABLE_CODE = YES;
				CLANG_WARN__DUPLICATE_METHOD_MATCH = YES;
				COPY_PHASE_STRIP = NO;
				DEBUG_INFORMATION_FORMAT = dwarf;
				ENABLE_STRICT_OBJC_MSGSEND = YES;
				ENABLE_TESTABILITY = YES;
				GCC_C_LANGUAGE_STANDARD = gnu11;
				GCC_DYNAMIC_NO_PIC = NO;
				GCC_NO_COMMON_BLOCKS = YES;
				GCC_OPTIMIZATION_LEVEL = 0;
				GCC_PREPROCESSOR_DEFINITIONS = (
					"DEBUG=1",
					"$(inherited)",
				);
				GCC_WARN_64_TO_32_BIT_CONVERSION = YES;
				GCC_WARN_ABOUT_RETURN_TYPE = YES_ERROR;
				GCC_WARN_UNDECLARED_SELECTOR = YES;
				GCC_WARN_UNINITIALIZED_AUTOS = YES_AGGRESSIVE;
				GCC_WARN_UNUSED_FUNCTION = YES;
				GCC_WARN_UNUSED_VARIABLE = YES;
				IPHONEOS_DEPLOYMENT_TARGET = 13.2;
				MTL_ENABLE_DEBUG_INFO = INCLUDE_SOURCE;
				MTL_FAST_MATH = YES;
				ONLY_ACTIVE_ARCH = YES;
				SDKROOT = iphoneos;
				SWIFT_ACTIVE_COMPILATION_CONDITIONS = DEBUG;
				SWIFT_OPTIMIZATION_LEVEL = "-Onone";
			};
			name = Debug;
		};
		AC68532223F2AB08005E4755 /* Release */ = {
			isa = XCBuildConfiguration;
			buildSettings = {
				ALWAYS_SEARCH_USER_PATHS = NO;
				CLANG_ANALYZER_NONNULL = YES;
				CLANG_ANALYZER_NUMBER_OBJECT_CONVERSION = YES_AGGRESSIVE;
				CLANG_CXX_LANGUAGE_STANDARD = "gnu++14";
				CLANG_CXX_LIBRARY = "libc++";
				CLANG_ENABLE_MODULES = YES;
				CLANG_ENABLE_OBJC_ARC = YES;
				CLANG_ENABLE_OBJC_WEAK = YES;
				CLANG_WARN_BLOCK_CAPTURE_AUTORELEASING = YES;
				CLANG_WARN_BOOL_CONVERSION = YES;
				CLANG_WARN_COMMA = YES;
				CLANG_WARN_CONSTANT_CONVERSION = YES;
				CLANG_WARN_DEPRECATED_OBJC_IMPLEMENTATIONS = YES;
				CLANG_WARN_DIRECT_OBJC_ISA_USAGE = YES_ERROR;
				CLANG_WARN_DOCUMENTATION_COMMENTS = YES;
				CLANG_WARN_EMPTY_BODY = YES;
				CLANG_WARN_ENUM_CONVERSION = YES;
				CLANG_WARN_INFINITE_RECURSION = YES;
				CLANG_WARN_INT_CONVERSION = YES;
				CLANG_WARN_NON_LITERAL_NULL_CONVERSION = YES;
				CLANG_WARN_OBJC_IMPLICIT_RETAIN_SELF = YES;
				CLANG_WARN_OBJC_LITERAL_CONVERSION = YES;
				CLANG_WARN_OBJC_ROOT_CLASS = YES_ERROR;
				CLANG_WARN_RANGE_LOOP_ANALYSIS = YES;
				CLANG_WARN_STRICT_PROTOTYPES = YES;
				CLANG_WARN_SUSPICIOUS_MOVE = YES;
				CLANG_WARN_UNGUARDED_AVAILABILITY = YES_AGGRESSIVE;
				CLANG_WARN_UNREACHABLE_CODE = YES;
				CLANG_WARN__DUPLICATE_METHOD_MATCH = YES;
				COPY_PHASE_STRIP = NO;
				DEBUG_INFORMATION_FORMAT = "dwarf-with-dsym";
				ENABLE_NS_ASSERTIONS = NO;
				ENABLE_STRICT_OBJC_MSGSEND = YES;
				GCC_C_LANGUAGE_STANDARD = gnu11;
				GCC_NO_COMMON_BLOCKS = YES;
				GCC_WARN_64_TO_32_BIT_CONVERSION = YES;
				GCC_WARN_ABOUT_RETURN_TYPE = YES_ERROR;
				GCC_WARN_UNDECLARED_SELECTOR = YES;
				GCC_WARN_UNINITIALIZED_AUTOS = YES_AGGRESSIVE;
				GCC_WARN_UNUSED_FUNCTION = YES;
				GCC_WARN_UNUSED_VARIABLE = YES;
				IPHONEOS_DEPLOYMENT_TARGET = 13.2;
				MTL_ENABLE_DEBUG_INFO = NO;
				MTL_FAST_MATH = YES;
				SDKROOT = iphoneos;
				SWIFT_COMPILATION_MODE = wholemodule;
				SWIFT_OPTIMIZATION_LEVEL = "-O";
				VALIDATE_PRODUCT = YES;
			};
			name = Release;
		};
		AC68532423F2AB08005E4755 /* Debug */ = {
			isa = XCBuildConfiguration;
			baseConfigurationReference = 7690B6EF1EB0EAD04FEDA897 /* Pods-Appceptability.debug.xcconfig */;
			buildSettings = {
				ASSETCATALOG_COMPILER_APPICON_NAME = AppIcon;
				CODE_SIGN_STYLE = Automatic;
				DEVELOPMENT_TEAM = 6978N83FPY;
				FRAMEWORK_SEARCH_PATHS = (
					"$(inherited)",
					"$(PROJECT_DIR)/Appceptability",
				);
				INFOPLIST_FILE = Appceptability/Info.plist;
				LD_RUNPATH_SEARCH_PATHS = (
					"$(inherited)",
					"@executable_path/Frameworks",
				);
				PRODUCT_BUNDLE_IDENTIFIER = com.neeldesai.Appceptability;
				PRODUCT_NAME = "$(TARGET_NAME)";
				SWIFT_VERSION = 5.0;
				TARGETED_DEVICE_FAMILY = "1,2";
			};
			name = Debug;
		};
		AC68532523F2AB08005E4755 /* Release */ = {
			isa = XCBuildConfiguration;
			baseConfigurationReference = 503083B20375F162748AB90C /* Pods-Appceptability.release.xcconfig */;
			buildSettings = {
				ASSETCATALOG_COMPILER_APPICON_NAME = AppIcon;
				CODE_SIGN_STYLE = Automatic;
				DEVELOPMENT_TEAM = 6978N83FPY;
				FRAMEWORK_SEARCH_PATHS = (
					"$(inherited)",
					"$(PROJECT_DIR)/Appceptability",
				);
				INFOPLIST_FILE = Appceptability/Info.plist;
				LD_RUNPATH_SEARCH_PATHS = (
					"$(inherited)",
					"@executable_path/Frameworks",
				);
				PRODUCT_BUNDLE_IDENTIFIER = com.neeldesai.Appceptability;
				PRODUCT_NAME = "$(TARGET_NAME)";
				SWIFT_VERSION = 5.0;
				TARGETED_DEVICE_FAMILY = "1,2";
			};
			name = Release;
		};
/* End XCBuildConfiguration section */

/* Begin XCConfigurationList section */
		AC68530A23F2AB07005E4755 /* Build configuration list for PBXProject "Appceptability" */ = {
			isa = XCConfigurationList;
			buildConfigurations = (
				AC68532123F2AB08005E4755 /* Debug */,
				AC68532223F2AB08005E4755 /* Release */,
			);
			defaultConfigurationIsVisible = 0;
			defaultConfigurationName = Release;
		};
		AC68532323F2AB08005E4755 /* Build configuration list for PBXNativeTarget "Appceptability" */ = {
			isa = XCConfigurationList;
			buildConfigurations = (
				AC68532423F2AB08005E4755 /* Debug */,
				AC68532523F2AB08005E4755 /* Release */,
			);
			defaultConfigurationIsVisible = 0;
			defaultConfigurationName = Release;
		};
/* End XCConfigurationList section */
	};
	rootObject = AC68530723F2AB07005E4755 /* Project object */;
}
